<?xml version="1.0" encoding="utf-8"?>
<Project ToolsVersion="4.0" xmlns="http://schemas.microsoft.com/developer/msbuild/2003">
  <ItemGroup>
    <ClCompile Include="$(GeneratedFilesDir)module.g.cpp" />
    <ClCompile Include="AuthenticationManager.cpp">
      <Filter>Source</Filter>
    </ClCompile>
    <ClCompile Include="pch.cpp">
      <Filter>Source</Filter>
    </ClCompile>
    <ClCompile Include="Utils.cpp">
      <Filter>Source</Filter>
    </ClCompile>
    <ClCompile Include="HttpManager.cpp">
      <Filter>Source</Filter>
    </ClCompile>
    <ClCompile Include="Constants.cpp">
      <Filter>Source</Filter>
    </ClCompile>
    <ClCompile Include="DataStore.cpp">
      <Filter>Source</Filter>
    </ClCompile>
  </ItemGroup>
  <ItemGroup>
    <ClInclude Include="AuthenticationManager.h">
      <Filter>Header</Filter>
    </ClInclude>
    <ClInclude Include="Constants.h">
      <Filter>Header</Filter>
    </ClInclude>
    <ClInclude Include="pch.h">
      <Filter>Header</Filter>
    </ClInclude>
    <ClInclude Include="Utils.h">
      <Filter>Header</Filter>
    </ClInclude>
    <ClInclude Include="HttpManager.h">
      <Filter>Header</Filter>
    </ClInclude>
    <ClInclude Include="SpotifyClientId.h">
      <Filter>Header</Filter>
    </ClInclude>
    <ClInclude Include="DataStore.h">
      <Filter>Header</Filter>
    </ClInclude>
  </ItemGroup>
  <ItemGroup>
    <AppxManifest Include="Package.appxmanifest" />
  </ItemGroup>
  <ItemGroup>
    <None Include="packages.config" />
    <None Include="PropertySheet.props" />
  </ItemGroup>
  <ItemGroup>
    <Filter Include="Source">
      <UniqueIdentifier>{707f4774-b168-47af-97ae-8d416c807df3}</UniqueIdentifier>
    </Filter>
    <Filter Include="Header">
      <UniqueIdentifier>{dcd4144b-5209-4cd7-8d0d-e28a26f83c3f}</UniqueIdentifier>
    </Filter>
    <Filter Include="Xaml">
      <UniqueIdentifier>{e16ba893-ca38-4011-80b1-39971abf591a}</UniqueIdentifier>
    </Filter>
    <Filter Include="Assets">
      <UniqueIdentifier>{724362f7-6941-437c-821e-2cd98be39541}</UniqueIdentifier>
    </Filter>
    <Filter Include="Model">
      <UniqueIdentifier>{70ae929e-f10a-4842-bbf5-b9f0a6b9ed83}</UniqueIdentifier>
    </Filter>
  </ItemGroup>
  <ItemGroup>
    <ApplicationDefinition Include="App.xaml">
      <Filter>Xaml</Filter>
    </ApplicationDefinition>
  </ItemGroup>
  <ItemGroup>
    <Page Include="$(MSBuildThisFileDirectory)DensityStyles\Compact.xaml" />
    <Page Include="LoginPage.xaml">
      <Filter>Xaml</Filter>
    </Page>
    <Page Include="Sources.xaml">
      <Filter>Xaml</Filter>
    </Page>
    <Page Include="Methods.xaml">
      <Filter>Xaml</Filter>
    </Page>
    <Page Include="Methods_Methods.xaml">
      <Filter>Xaml</Filter>
    </Page>
    <Page Include="Methods_Songs.xaml">
      <Filter>Xaml</Filter>
    </Page>
  </ItemGroup>
  <ItemGroup>
    <Image Include="Assets\Spotify_Logo_RGB_Green.png">
      <Filter>Assets</Filter>
    </Image>
    <Image Include="Assets\SplashScreen.png">
      <Filter>Assets</Filter>
    </Image>
  </ItemGroup>
  <ItemGroup>
    <Midl Include="Track.idl">
      <Filter>Model</Filter>
    </Midl>
    <Midl Include="Source.idl">
      <Filter>Model</Filter>
    </Midl>
  </ItemGroup>
</Project>